
Microsoft Visual Studio Solution File, Format Version 12.00
# Visual Studio Version 16
VisualStudioVersion = 16.0.31702.278
MinimumVisualStudioVersion = 10.0.40219.1
Project("{FAE04EC0-301F-11D3-BF4B-00C04F79EFBC}") = "hello_there", "hello_there\hello_there.csproj", "{2CE40441-7163-439A-90A6-E3E5C48ABE00}"
EndProject
Global
	GlobalSection(SolutionConfigurationPlatforms) = preSolution
		Debug|Any CPU = Debug|Any CPU
		Release|Any CPU = Release|Any CPU
	EndGlobalSection
	GlobalSection(ProjectConfigurationPlatforms) = postSolution
		{2CE40441-7163-439A-90A6-E3E5C48ABE00}.Debug|Any CPU.ActiveCfg = Debug|Any CPU
		{2CE40441-7163-439A-90A6-E3E5C48ABE00}.Debug|Any CPU.Build.0 = Debug|Any CPU
		{2CE40441-7163-439A-90A6-E3E5C48ABE00}.Release|Any CPU.ActiveCfg = Release|Any CPU
		{2CE40441-7163-439A-90A6-E3E5C48ABE00}.Release|Any CPU.Build.0 = Release|Any CPU
	EndGlobalSection
	GlobalSection(SolutionProperties) = preSolution
		HideSolutionNode = FALSE
	EndGlobalSection
	GlobalSection(ExtensibilityGlobals) = postSolution
		SolutionGuid = {A633646E-C0E0-4400-B537-A425A3B11482}
	EndGlobalSection
EndGlobal
